
Microsoft Visual Studio Solution File, Format Version 12.00
# Visual Studio Version 16
VisualStudioVersion = 16.0.30611.23
MinimumVisualStudioVersion = 10.0.40219.1
Project("{FAE04EC0-301F-11D3-BF4B-00C04F79EFBC}") = "dotNet5781_00_6877_2459", "dotNet5781_00_6877_2459\dotNet5781_00_6877_2459.csproj", "{8746669F-28E0-4DF7-8065-D155EDED1DC8}"
EndProject
Project("{FAE04EC0-301F-11D3-BF4B-00C04F79EFBC}") = "dotNet5781_01_6877_2459", "dotNet5781_01_6877_2459\dotNet5781_01_6877_2459.csproj", "{D254D578-3AD3-40CD-A480-B6A9A7552641}"
EndProject
Project("{FAE04EC0-301F-11D3-BF4B-00C04F79EFBC}") = "dotNet5781_02_6877_2459", "dotNet5781_02_6877_2459\dotNet5781_02_6877_2459.csproj", "{2F581CAB-96CA-42A1-B073-7D4C67F1CA95}"
EndProject
Project("{FAE04EC0-301F-11D3-BF4B-00C04F79EFBC}") = "dotNet5781_03A_6877_2459", "dotNet5781_03A_6877_2459\dotNet5781_03A_6877_2459.csproj", "{DB88CA9B-E123-4EAE-89C5-1259314ACFB7}"
EndProject
Project("{FAE04EC0-301F-11D3-BF4B-00C04F79EFBC}") = "dotNet5781_03B_6877_2459", "dotNet5781_03B_6877_2459\dotNet5781_03B_6877_2459.csproj", "{C3C8311F-71FD-45E4-A2B4-C3FD39CC959A}"
EndProject
Project("{FAE04EC0-301F-11D3-BF4B-00C04F79EFBC}") = "PIGui", "PIGui\PIGui.csproj", "{1AEC057C-0CDB-4097-A393-0AFF6B430031}"
EndProject
Project("{FAE04EC0-301F-11D3-BF4B-00C04F79EFBC}") = "BL", "BL\BL.csproj", "{3999D381-2873-4DD0-B24A-F72E1C72F347}"
EndProject
Project("{FAE04EC0-301F-11D3-BF4B-00C04F79EFBC}") = "DalApi", "DalApi\DalApi.csproj", "{514F839E-292B-45A6-9292-B40F5D6B50E4}"
EndProject
Project("{FAE04EC0-301F-11D3-BF4B-00C04F79EFBC}") = "DalObject", "DalObject\DalObject.csproj", "{8D923AF6-8A07-45F5-B4E1-5133D873CAF8}"
EndProject
Project("{FAE04EC0-301F-11D3-BF4B-00C04F79EFBC}") = "DalXml", "DalXml\DalXml.csproj", "{9463FE46-0E95-4C1A-9F75-E9A742DEF2DE}"
EndProject
Project("{FAE04EC0-301F-11D3-BF4B-00C04F79EFBC}") = "DS", "DS\DS.csproj", "{A8917661-65C6-445D-9790-D5350B36E0B4}"
EndProject
Global
	GlobalSection(SolutionConfigurationPlatforms) = preSolution
		Debug|Any CPU = Debug|Any CPU
		Release|Any CPU = Release|Any CPU
	EndGlobalSection
	GlobalSection(ProjectConfigurationPlatforms) = postSolution
		{8746669F-28E0-4DF7-8065-D155EDED1DC8}.Debug|Any CPU.ActiveCfg = Debug|Any CPU
		{8746669F-28E0-4DF7-8065-D155EDED1DC8}.Debug|Any CPU.Build.0 = Debug|Any CPU
		{8746669F-28E0-4DF7-8065-D155EDED1DC8}.Release|Any CPU.ActiveCfg = Release|Any CPU
		{8746669F-28E0-4DF7-8065-D155EDED1DC8}.Release|Any CPU.Build.0 = Release|Any CPU
		{D254D578-3AD3-40CD-A480-B6A9A7552641}.Debug|Any CPU.ActiveCfg = Debug|Any CPU
		{D254D578-3AD3-40CD-A480-B6A9A7552641}.Debug|Any CPU.Build.0 = Debug|Any CPU
		{D254D578-3AD3-40CD-A480-B6A9A7552641}.Release|Any CPU.ActiveCfg = Release|Any CPU
		{D254D578-3AD3-40CD-A480-B6A9A7552641}.Release|Any CPU.Build.0 = Release|Any CPU
		{2F581CAB-96CA-42A1-B073-7D4C67F1CA95}.Debug|Any CPU.ActiveCfg = Debug|Any CPU
		{2F581CAB-96CA-42A1-B073-7D4C67F1CA95}.Debug|Any CPU.Build.0 = Debug|Any CPU
		{2F581CAB-96CA-42A1-B073-7D4C67F1CA95}.Release|Any CPU.ActiveCfg = Release|Any CPU
		{2F581CAB-96CA-42A1-B073-7D4C67F1CA95}.Release|Any CPU.Build.0 = Release|Any CPU
		{DB88CA9B-E123-4EAE-89C5-1259314ACFB7}.Debug|Any CPU.ActiveCfg = Debug|Any CPU
		{DB88CA9B-E123-4EAE-89C5-1259314ACFB7}.Debug|Any CPU.Build.0 = Debug|Any CPU
		{DB88CA9B-E123-4EAE-89C5-1259314ACFB7}.Release|Any CPU.ActiveCfg = Release|Any CPU
		{DB88CA9B-E123-4EAE-89C5-1259314ACFB7}.Release|Any CPU.Build.0 = Release|Any CPU
		{C3C8311F-71FD-45E4-A2B4-C3FD39CC959A}.Debug|Any CPU.ActiveCfg = Debug|Any CPU
		{C3C8311F-71FD-45E4-A2B4-C3FD39CC959A}.Debug|Any CPU.Build.0 = Debug|Any CPU
		{C3C8311F-71FD-45E4-A2B4-C3FD39CC959A}.Release|Any CPU.ActiveCfg = Release|Any CPU
		{C3C8311F-71FD-45E4-A2B4-C3FD39CC959A}.Release|Any CPU.Build.0 = Release|Any CPU
		{1AEC057C-0CDB-4097-A393-0AFF6B430031}.Debug|Any CPU.ActiveCfg = Debug|Any CPU
		{1AEC057C-0CDB-4097-A393-0AFF6B430031}.Debug|Any CPU.Build.0 = Debug|Any CPU
		{1AEC057C-0CDB-4097-A393-0AFF6B430031}.Release|Any CPU.ActiveCfg = Release|Any CPU
		{1AEC057C-0CDB-4097-A393-0AFF6B430031}.Release|Any CPU.Build.0 = Release|Any CPU
		{3999D381-2873-4DD0-B24A-F72E1C72F347}.Debug|Any CPU.ActiveCfg = Debug|Any CPU
		{3999D381-2873-4DD0-B24A-F72E1C72F347}.Debug|Any CPU.Build.0 = Debug|Any CPU
		{3999D381-2873-4DD0-B24A-F72E1C72F347}.Release|Any CPU.ActiveCfg = Release|Any CPU
		{3999D381-2873-4DD0-B24A-F72E1C72F347}.Release|Any CPU.Build.0 = Release|Any CPU
		{514F839E-292B-45A6-9292-B40F5D6B50E4}.Debug|Any CPU.ActiveCfg = Debug|Any CPU
		{514F839E-292B-45A6-9292-B40F5D6B50E4}.Debug|Any CPU.Build.0 = Debug|Any CPU
		{514F839E-292B-45A6-9292-B40F5D6B50E4}.Release|Any CPU.ActiveCfg = Release|Any CPU
		{514F839E-292B-45A6-9292-B40F5D6B50E4}.Release|Any CPU.Build.0 = Release|Any CPU
		{8D923AF6-8A07-45F5-B4E1-5133D873CAF8}.Debug|Any CPU.ActiveCfg = Debug|Any CPU
		{8D923AF6-8A07-45F5-B4E1-5133D873CAF8}.Debug|Any CPU.Build.0 = Debug|Any CPU
		{8D923AF6-8A07-45F5-B4E1-5133D873CAF8}.Release|Any CPU.ActiveCfg = Release|Any CPU
		{8D923AF6-8A07-45F5-B4E1-5133D873CAF8}.Release|Any CPU.Build.0 = Release|Any CPU
		{9463FE46-0E95-4C1A-9F75-E9A742DEF2DE}.Debug|Any CPU.ActiveCfg = Debug|Any CPU
		{9463FE46-0E95-4C1A-9F75-E9A742DEF2DE}.Debug|Any CPU.Build.0 = Debug|Any CPU
		{9463FE46-0E95-4C1A-9F75-E9A742DEF2DE}.Release|Any CPU.ActiveCfg = Release|Any CPU
		{9463FE46-0E95-4C1A-9F75-E9A742DEF2DE}.Release|Any CPU.Build.0 = Release|Any CPU
		{A8917661-65C6-445D-9790-D5350B36E0B4}.Debug|Any CPU.ActiveCfg = Debug|Any CPU
		{A8917661-65C6-445D-9790-D5350B36E0B4}.Debug|Any CPU.Build.0 = Debug|Any CPU
		{A8917661-65C6-445D-9790-D5350B36E0B4}.Release|Any CPU.ActiveCfg = Release|Any CPU
		{A8917661-65C6-445D-9790-D5350B36E0B4}.Release|Any CPU.Build.0 = Release|Any CPU
	EndGlobalSection
	GlobalSection(SolutionProperties) = preSolution
		HideSolutionNode = FALSE
	EndGlobalSection
	GlobalSection(ExtensibilityGlobals) = postSolution
		SolutionGuid = {B8D6CA50-3BA3-4532-B0B2-3AF6C7D7AE73}
	EndGlobalSection
EndGlobal
